
Microsoft Visual Studio Solution File, Format Version 12.00
# Visual Studio Version 16
VisualStudioVersion = 16.0.29920.165
MinimumVisualStudioVersion = 10.0.40219.1
Project("{FAE04EC0-301F-11D3-BF4B-00C04F79EFBC}") = "PrologueDecrypt", "PrologueDecrypt\PrologueDecrypt.csproj", "{09574748-B886-452F-99D5-95AD0AADBCAF}"
EndProject
Global
	GlobalSection(SolutionConfigurationPlatforms) = preSolution
		Debug|Any CPU = Debug|Any CPU
		Release|Any CPU = Release|Any CPU
	EndGlobalSection
	GlobalSection(ProjectConfigurationPlatforms) = postSolution
		{09574748-B886-452F-99D5-95AD0AADBCAF}.Debug|Any CPU.ActiveCfg = Debug|Any CPU
		{09574748-B886-452F-99D5-95AD0AADBCAF}.Debug|Any CPU.Build.0 = Debug|Any CPU
		{09574748-B886-452F-99D5-95AD0AADBCAF}.Release|Any CPU.ActiveCfg = Release|Any CPU
		{09574748-B886-452F-99D5-95AD0AADBCAF}.Release|Any CPU.Build.0 = Release|Any CPU
	EndGlobalSection
	GlobalSection(SolutionProperties) = preSolution
		HideSolutionNode = FALSE
	EndGlobalSection
	GlobalSection(ExtensibilityGlobals) = postSolution
		SolutionGuid = {7B5F519B-72BB-4B80-8E79-F4EF13D46809}
	EndGlobalSection
EndGlobal
